{
  "name": "test",
  "lockfileVersion": 2,
  "requires": true,
  "packages": {
    "": {
      "dependencies": {
        "jg925-star-print": "^1.0.0"
      }
    },
    "node_modules/jg925-star-print": {
      "version": "1.0.0",
      "resolved": "https://registry.npmjs.org/jg925-star-print/-/jg925-star-print-1.0.0.tgz",
      "integrity": "sha512-TR/z5CXDuhGAH6IFPAyIHMMX+uzqXAtRgERdH5m8e+0UEPRGhHgWLpllt5jpc3eRFn3guEstliTOKnzX1JqSeA=="
    }
  },
  "dependencies": {
    "jg925-star-print": {
      "version": "1.0.0",
      "resolved": "https://registry.npmjs.org/jg925-star-print/-/jg925-star-print-1.0.0.tgz",
      "integrity": "sha512-TR/z5CXDuhGAH6IFPAyIHMMX+uzqXAtRgERdH5m8e+0UEPRGhHgWLpllt5jpc3eRFn3guEstliTOKnzX1JqSeA=="
    }
  }
}
